<?xml version="1.0"?>
<CONFIG>
  <ProjectOptions>
    <Version Value="9"/>
    <PathDelim Value="\"/>
    <General>
      <SessionStorage Value="InProjectDir"/>
      <MainUnit Value="0"/>
      <Title Value="sps_path"/>
      <ResourceType Value="res"/>
      <UseXPManifest Value="True"/>
      <Icon Value="0"/>
    </General>
    <i18n>
      <EnableI18N LFM="False"/>
    </i18n>
    <VersionInfo>
      <StringTable ProductVersion=""/>
    </VersionInfo>
    <BuildModes Count="1">
      <Item1 Name="Default" Default="True"/>
    </BuildModes>
    <PublishOptions>
      <Version Value="2"/>
      <IncludeFileFilter Value="*.(pas|pp|inc|lfm|lpr|lrs|lpi|lpk|sh|xml)"/>
      <ExcludeFileFilter Value="*.(bak|ppu|o|so);*~;backup"/>
    </PublishOptions>
    <RunParams>
      <local>
        <FormatVersion Value="1"/>
      </local>
    </RunParams>
    <RequiredPackages Count="5">
      <Item1>
        <PackageName Value="GR32_L"/>
      </Item1>
      <Item2>
        <PackageName Value="lazmouseandkeyinput"/>
      </Item2>
      <Item3>
        <PackageName Value="SynEdit"/>
      </Item3>
      <Item4>
        <PackageName Value="ImagesForLazarus"/>
      </Item4>
      <Item5>
        <PackageName Value="LCL"/>
      </Item5>
    </RequiredPackages>
    <Units Count="18">
      <Unit0>
        <Filename Value="sps_path.lpr"/>
        <IsPartOfProject Value="True"/>
        <UnitName Value="sps_path"/>
      </Unit0>
      <Unit1>
        <Filename Value="sps_main.pas"/>
        <IsPartOfProject Value="True"/>
        <ComponentName Value="Sps_Editor"/>
        <HasResources Value="True"/>
        <ResourceBaseClass Value="Form"/>
        <UnitName Value="sps_main"/>
      </Unit1>
      <Unit2>
        <Filename Value="sps_types.pas"/>
        <IsPartOfProject Value="True"/>
        <UnitName Value="sps_types"/>
      </Unit2>
      <Unit3>
        <Filename Value="sps_utils.pas"/>
        <IsPartOfProject Value="True"/>
        <UnitName Value="sps_utils"/>
      </Unit3>
      <Unit4>
        <Filename Value="sps_base.pas"/>
        <IsPartOfProject Value="True"/>
        <UnitName Value="sps_base"/>
      </Unit4>
      <Unit5>
        <Filename Value="code_frm.lfm"/>
        <IsPartOfProject Value="True"/>
      </Unit5>
      <Unit6>
        <Filename Value="code_frm.pas"/>
        <IsPartOfProject Value="True"/>
        <HasResources Value="True"/>
        <UnitName Value="code_frm"/>
      </Unit6>
      <Unit7>
        <Filename Value="..\SimbaLocal\Units\MMLCore\bitmaps.pas"/>
        <IsPartOfProject Value="True"/>
        <UnitName Value="bitmaps"/>
      </Unit7>
      <Unit8>
        <Filename Value="..\SimbaLocal\Units\Misc\bzip2.pas"/>
        <IsPartOfProject Value="True"/>
        <UnitName Value="bzip2"/>
      </Unit8>
      <Unit9>
        <Filename Value="..\SimbaLocal\Units\Misc\bzip2comn.pp"/>
        <IsPartOfProject Value="True"/>
        <UnitName Value="bzip2comn"/>
      </Unit9>
      <Unit10>
        <Filename Value="..\SimbaLocal\Units\Misc\bzip2i386.inc"/>
        <IsPartOfProject Value="True"/>
      </Unit10>
      <Unit11>
        <Filename Value="..\SimbaLocal\Units\Misc\bzip2si386.inc"/>
        <IsPartOfProject Value="True"/>
      </Unit11>
      <Unit12>
        <Filename Value="..\SimbaLocal\Units\Misc\bzip2stream.pp"/>
        <IsPartOfProject Value="True"/>
        <UnitName Value="bzip2stream"/>
      </Unit12>
      <Unit13>
        <Filename Value="..\SimbaLocal\Units\Misc\DCPCrypt\dcpbase64.pas"/>
        <IsPartOfProject Value="True"/>
        <UnitName Value="dcpbase64"/>
      </Unit13>
      <Unit14>
        <Filename Value="..\SimbaLocal\Units\Misc\DCPCrypt\DCPblockciphers.pas"/>
        <IsPartOfProject Value="True"/>
        <UnitName Value="DCPblockciphers"/>
      </Unit14>
      <Unit15>
        <Filename Value="..\SimbaLocal\Units\Misc\DCPCrypt\DCPconst.pas"/>
        <IsPartOfProject Value="True"/>
        <UnitName Value="DCPconst"/>
      </Unit15>
      <Unit16>
        <Filename Value="..\SimbaLocal\Units\Misc\DCPCrypt\DCPcrypt2.pas"/>
        <IsPartOfProject Value="True"/>
        <UnitName Value="DCPcrypt2"/>
      </Unit16>
      <Unit17>
        <Filename Value="C:\lazarus\components\Graphics32\GR32_Png.pas"/>
        <IsPartOfProject Value="True"/>
        <UnitName Value="GR32_PNG"/>
      </Unit17>
    </Units>
  </ProjectOptions>
  <CompilerOptions>
    <Version Value="11"/>
    <PathDelim Value="\"/>
    <Target>
      <Filename Value="sps_path"/>
    </Target>
    <SearchPaths>
      <IncludeFiles Value="$(ProjOutDir);..\SimbaLocal\Units\Misc"/>
      <OtherUnitFiles Value="..\SimbaLocal\Units\MMLCore;..\SimbaLocal\Units\Misc;..\SimbaLocal\Units\Misc\DCPCrypt;C:\lazarus\components\Graphics32\"/>
      <UnitOutputDirectory Value="lib\$(TargetCPU)-$(TargetOS)"/>
    </SearchPaths>
    <CodeGeneration>
      <SmartLinkUnit Value="True"/>
      <Optimizations>
        <OptimizationLevel Value="3"/>
      </Optimizations>
    </CodeGeneration>
    <Linking>
      <Debugging>
        <UseExternalDbgSyms Value="True"/>
      </Debugging>
      <LinkSmart Value="True"/>
      <Options>
        <Win32>
          <GraphicApplication Value="True"/>
        </Win32>
      </Options>
    </Linking>
    <Other>
      <CompilerMessages>
        <MsgFileName Value=""/>
      </CompilerMessages>
      <CompilerPath Value="$(CompPath)"/>
    </Other>
  </CompilerOptions>
  <Debugging>
    <Exceptions Count="3">
      <Item1>
        <Name Value="EAbort"/>
      </Item1>
      <Item2>
        <Name Value="ECodetoolError"/>
      </Item2>
      <Item3>
        <Name Value="EFOpenError"/>
      </Item3>
    </Exceptions>
  </Debugging>
</CONFIG>
